// !$*UTF8*$!
{
	archiveVersion = 1;
	classes = {
	};
	objectVersion = 48;
	objects = {

/* Begin PBXBuildFile section */
		D32F813B20980F0B00E0FE7C /* AppDelegate.swift in Sources */ = {isa = PBXBuildFile; fileRef = D32F813A20980F0B00E0FE7C /* AppDelegate.swift */; };
		D32F813D20980F0B00E0FE7C /* CategoriesVC.swift in Sources */ = {isa = PBXBuildFile; fileRef = D32F813C20980F0B00E0FE7C /* CategoriesVC.swift */; };
		D32F814020980F0B00E0FE7C /* Main.storyboard in Resources */ = {isa = PBXBuildFile; fileRef = D32F813E20980F0B00E0FE7C /* Main.storyboard */; };
		D32F814220980F0B00E0FE7C /* Assets.xcassets in Resources */ = {isa = PBXBuildFile; fileRef = D32F814120980F0B00E0FE7C /* Assets.xcassets */; };
		D32F814520980F0B00E0FE7C /* LaunchScreen.storyboard in Resources */ = {isa = PBXBuildFile; fileRef = D32F814320980F0B00E0FE7C /* LaunchScreen.storyboard */; };
		D32F81502098158500E0FE7C /* CategoryCell.swift in Sources */ = {isa = PBXBuildFile; fileRef = D32F814F2098158500E0FE7C /* CategoryCell.swift */; };
		D32F8152209817E500E0FE7C /* Category.swift in Sources */ = {isa = PBXBuildFile; fileRef = D32F8151209817E500E0FE7C /* Category.swift */; };
		D32F8155209819BA00E0FE7C /* DataService.swift in Sources */ = {isa = PBXBuildFile; fileRef = D32F8154209819BA00E0FE7C /* DataService.swift */; };
/* End PBXBuildFile section */

/* Begin PBXFileReference section */
		D32F813720980F0B00E0FE7C /* coder-swag.app */ = {isa = PBXFileReference; explicitFileType = wrapper.application; includeInIndex = 0; path = "coder-swag.app"; sourceTree = BUILT_PRODUCTS_DIR; };
		D32F813A20980F0B00E0FE7C /* AppDelegate.swift */ = {isa = PBXFileReference; lastKnownFileType = sourcecode.swift; path = AppDelegate.swift; sourceTree = "<group>"; };
		D32F813C20980F0B00E0FE7C /* CategoriesVC.swift */ = {isa = PBXFileReference; lastKnownFileType = sourcecode.swift; path = CategoriesVC.swift; sourceTree = "<group>"; };
		D32F813F20980F0B00E0FE7C /* Base */ = {isa = PBXFileReference; lastKnownFileType = file.storyboard; name = Base; path = Base.lproj/Main.storyboard; sourceTree = "<group>"; };
		D32F814120980F0B00E0FE7C /* Assets.xcassets */ = {isa = PBXFileReference; lastKnownFileType = folder.assetcatalog; path = Assets.xcassets; sourceTree = "<group>"; };
		D32F814420980F0B00E0FE7C /* Base */ = {isa = PBXFileReference; lastKnownFileType = file.storyboard; name = Base; path = Base.lproj/LaunchScreen.storyboard; sourceTree = "<group>"; };
		D32F814620980F0C00E0FE7C /* Info.plist */ = {isa = PBXFileReference; lastKnownFileType = text.plist.xml; path = Info.plist; sourceTree = "<group>"; };
		D32F814F2098158500E0FE7C /* CategoryCell.swift */ = {isa = PBXFileReference; lastKnownFileType = sourcecode.swift; path = CategoryCell.swift; sourceTree = "<group>"; };
		D32F8151209817E500E0FE7C /* Category.swift */ = {isa = PBXFileReference; lastKnownFileType = sourcecode.swift; path = Category.swift; sourceTree = "<group>"; };
		D32F8154209819BA00E0FE7C /* DataService.swift */ = {isa = PBXFileReference; lastKnownFileType = sourcecode.swift; path = DataService.swift; sourceTree = "<group>"; };
/* End PBXFileReference section */

/* Begin PBXFrameworksBuildPhase section */
		D32F813420980F0B00E0FE7C /* Frameworks */ = {
			isa = PBXFrameworksBuildPhase;
			buildActionMask = 2147483647;
			files = (
			);
			runOnlyForDeploymentPostprocessing = 0;
		};
/* End PBXFrameworksBuildPhase section */

/* Begin PBXGroup section */
		D32F812E20980F0B00E0FE7C = {
			isa = PBXGroup;
			children = (
				D32F813920980F0B00E0FE7C /* coder-swag */,
				D32F813820980F0B00E0FE7C /* Products */,
			);
			sourceTree = "<group>";
		};
		D32F813820980F0B00E0FE7C /* Products */ = {
			isa = PBXGroup;
			children = (
				D32F813720980F0B00E0FE7C /* coder-swag.app */,
			);
			name = Products;
			sourceTree = "<group>";
		};
		D32F813920980F0B00E0FE7C /* coder-swag */ = {
			isa = PBXGroup;
			children = (
				D32F81532098199D00E0FE7C /* Services */,
				D32F814E209814EF00E0FE7C /* View */,
				D32F814D209814E700E0FE7C /* Model */,
				D32F814C209814DF00E0FE7C /* Controller */,
				D32F813A20980F0B00E0FE7C /* AppDelegate.swift */,
				D32F813E20980F0B00E0FE7C /* Main.storyboard */,
				D32F814120980F0B00E0FE7C /* Assets.xcassets */,
				D32F814320980F0B00E0FE7C /* LaunchScreen.storyboard */,
				D32F814620980F0C00E0FE7C /* Info.plist */,
			);
			path = "coder-swag";
			sourceTree = "<group>";
		};
		D32F814C209814DF00E0FE7C /* Controller */ = {
			isa = PBXGroup;
			children = (
				D32F813C20980F0B00E0FE7C /* CategoriesVC.swift */,
			);
			path = Controller;
			sourceTree = "<group>";
		};
		D32F814D209814E700E0FE7C /* Model */ = {
			isa = PBXGroup;
			children = (
				D32F8151209817E500E0FE7C /* Category.swift */,
			);
			path = Model;
			sourceTree = "<group>";
		};
		D32F814E209814EF00E0FE7C /* View */ = {
			isa = PBXGroup;
			children = (
				D32F814F2098158500E0FE7C /* CategoryCell.swift */,
			);
			path = View;
			sourceTree = "<group>";
		};
		D32F81532098199D00E0FE7C /* Services */ = {
			isa = PBXGroup;
			children = (
				D32F8154209819BA00E0FE7C /* DataService.swift */,
			);
			path = Services;
			sourceTree = "<group>";
		};
/* End PBXGroup section */

/* Begin PBXNativeTarget section */
		D32F813620980F0B00E0FE7C /* coder-swag */ = {
			isa = PBXNativeTarget;
			buildConfigurationList = D32F814920980F0C00E0FE7C /* Build configuration list for PBXNativeTarget "coder-swag" */;
			buildPhases = (
				D32F813320980F0B00E0FE7C /* Sources */,
				D32F813420980F0B00E0FE7C /* Frameworks */,
				D32F813520980F0B00E0FE7C /* Resources */,
			);
			buildRules = (
			);
			dependencies = (
			);
			name = "coder-swag";
			productName = "coder-swag";
			productReference = D32F813720980F0B00E0FE7C /* coder-swag.app */;
			productType = "com.apple.product-type.application";
		};
/* End PBXNativeTarget section */

/* Begin PBXProject section */
		D32F812F20980F0B00E0FE7C /* Project object */ = {
			isa = PBXProject;
			attributes = {
				LastSwiftUpdateCheck = 0920;
				LastUpgradeCheck = 0920;
				ORGANIZATIONNAME = "Brian Martin";
				TargetAttributes = {
					D32F813620980F0B00E0FE7C = {
						CreatedOnToolsVersion = 9.2;
						ProvisioningStyle = Automatic;
					};
				};
			};
			buildConfigurationList = D32F813220980F0B00E0FE7C /* Build configuration list for PBXProject "coder-swag" */;
			compatibilityVersion = "Xcode 8.0";
			developmentRegion = en;
			hasScannedForEncodings = 0;
			knownRegions = (
				en,
				Base,
			);
			mainGroup = D32F812E20980F0B00E0FE7C;
			productRefGroup = D32F813820980F0B00E0FE7C /* Products */;
			projectDirPath = "";
			projectRoot = "";
			targets = (
				D32F813620980F0B00E0FE7C /* coder-swag */,
			);
		};
/* End PBXProject section */

/* Begin PBXResourcesBuildPhase section */
		D32F813520980F0B00E0FE7C /* Resources */ = {
			isa = PBXResourcesBuildPhase;
			buildActionMask = 2147483647;
			files = (
				D32F814520980F0B00E0FE7C /* LaunchScreen.storyboard in Resources */,
				D32F814220980F0B00E0FE7C /* Assets.xcassets in Resources */,
				D32F814020980F0B00E0FE7C /* Main.storyboard in Resources */,
			);
			runOnlyForDeploymentPostprocessing = 0;
		};
/* End PBXResourcesBuildPhase section */

/* Begin PBXSourcesBuildPhase section */
		D32F813320980F0B00E0FE7C /* Sources */ = {
			isa = PBXSourcesBuildPhase;
			buildActionMask = 2147483647;
			files = (
				D32F813D20980F0B00E0FE7C /* CategoriesVC.swift in Sources */,
				D32F813B20980F0B00E0FE7C /* AppDelegate.swift in Sources */,
				D32F81502098158500E0FE7C /* CategoryCell.swift in Sources */,
				D32F8152209817E500E0FE7C /* Category.swift in Sources */,
				D32F8155209819BA00E0FE7C /* DataService.swift in Sources */,
			);
			runOnlyForDeploymentPostprocessing = 0;
		};
/* End PBXSourcesBuildPhase section */

/* Begin PBXVariantGroup section */
		D32F813E20980F0B00E0FE7C /* Main.storyboard */ = {
			isa = PBXVariantGroup;
			children = (
				D32F813F20980F0B00E0FE7C /* Base */,
			);
			name = Main.storyboard;
			sourceTree = "<group>";
		};
		D32F814320980F0B00E0FE7C /* LaunchScreen.storyboard */ = {
			isa = PBXVariantGroup;
			children = (
				D32F814420980F0B00E0FE7C /* Base */,
			);
			name = LaunchScreen.storyboard;
			sourceTree = "<group>";
		};
/* End PBXVariantGroup section */

/* Begin XCBuildConfiguration section */
		D32F814720980F0C00E0FE7C /* Debug */ = {
			isa = XCBuildConfiguration;
			buildSettings = {
				ALWAYS_SEARCH_USER_PATHS = NO;
				CLANG_ANALYZER_NONNULL = YES;
				CLANG_ANALYZER_NUMBER_OBJECT_CONVERSION = YES_AGGRESSIVE;
				CLANG_CXX_LANGUAGE_STANDARD = "gnu++14";
				CLANG_CXX_LIBRARY = "libc++";
				CLANG_ENABLE_MODULES = YES;
				CLANG_ENABLE_OBJC_ARC = YES;
				CLANG_WARN_BLOCK_CAPTURE_AUTORELEASING = YES;
				CLANG_WARN_BOOL_CONVERSION = YES;
				CLANG_WARN_COMMA = YES;
				CLANG_WARN_CONSTANT_CONVERSION = YES;
				CLANG_WARN_DIRECT_OBJC_ISA_USAGE = YES_ERROR;
				CLANG_WARN_DOCUMENTATION_COMMENTS = YES;
				CLANG_WARN_EMPTY_BODY = YES;
				CLANG_WARN_ENUM_CONVERSION = YES;
				CLANG_WARN_INFINITE_RECURSION = YES;
				CLANG_WARN_INT_CONVERSION = YES;
				CLANG_WARN_NON_LITERAL_NULL_CONVERSION = YES;
				CLANG_WARN_OBJC_LITERAL_CONVERSION = YES;
				CLANG_WARN_OBJC_ROOT_CLASS = YES_ERROR;
				CLANG_WARN_RANGE_LOOP_ANALYSIS = YES;
				CLANG_WARN_STRICT_PROTOTYPES = YES;
				CLANG_WARN_SUSPICIOUS_MOVE = YES;
				CLANG_WARN_UNGUARDED_AVAILABILITY = YES_AGGRESSIVE;
				CLANG_WARN_UNREACHABLE_CODE = YES;
				CLANG_WARN__DUPLICATE_METHOD_MATCH = YES;
				CODE_SIGN_IDENTITY = "iPhone Developer";
				COPY_PHASE_STRIP = NO;
				DEBUG_INFORMATION_FORMAT = dwarf;
				ENABLE_STRICT_OBJC_MSGSEND = YES;
				ENABLE_TESTABILITY = YES;
				GCC_C_LANGUAGE_STANDARD = gnu11;
				GCC_DYNAMIC_NO_PIC = NO;
				GCC_NO_COMMON_BLOCKS = YES;
				GCC_OPTIMIZATION_LEVEL = 0;
				GCC_PREPROCESSOR_DEFINITIONS = (
					"DEBUG=1",
					"$(inherited)",
				);
				GCC_WARN_64_TO_32_BIT_CONVERSION = YES;
				GCC_WARN_ABOUT_RETURN_TYPE = YES_ERROR;
				GCC_WARN_UNDECLARED_SELECTOR = YES;
				GCC_WARN_UNINITIALIZED_AUTOS = YES_AGGRESSIVE;
				GCC_WARN_UNUSED_FUNCTION = YES;
				GCC_WARN_UNUSED_VARIABLE = YES;
				IPHONEOS_DEPLOYMENT_TARGET = 11.2;
				MTL_ENABLE_DEBUG_INFO = YES;
				ONLY_ACTIVE_ARCH = YES;
				SDKROOT = iphoneos;
				SWIFT_ACTIVE_COMPILATION_CONDITIONS = DEBUG;
				SWIFT_OPTIMIZATION_LEVEL = "-Onone";
			};
			name = Debug;
		};
		D32F814820980F0C00E0FE7C /* Release */ = {
			isa = XCBuildConfiguration;
			buildSettings = {
				ALWAYS_SEARCH_USER_PATHS = NO;
				CLANG_ANALYZER_NONNULL = YES;
				CLANG_ANALYZER_NUMBER_OBJECT_CONVERSION = YES_AGGRESSIVE;
				CLANG_CXX_LANGUAGE_STANDARD = "gnu++14";
				CLANG_CXX_LIBRARY = "libc++";
				CLANG_ENABLE_MODULES = YES;
				CLANG_ENABLE_OBJC_ARC = YES;
				CLANG_WARN_BLOCK_CAPTURE_AUTORELEASING = YES;
				CLANG_WARN_BOOL_CONVERSION = YES;
				CLANG_WARN_COMMA = YES;
				CLANG_WARN_CONSTANT_CONVERSION = YES;
				CLANG_WARN_DIRECT_OBJC_ISA_USAGE = YES_ERROR;
				CLANG_WARN_DOCUMENTATION_COMMENTS = YES;
				CLANG_WARN_EMPTY_BODY = YES;
				CLANG_WARN_ENUM_CONVERSION = YES;
				CLANG_WARN_INFINITE_RECURSION = YES;
				CLANG_WARN_INT_CONVERSION = YES;
				CLANG_WARN_NON_LITERAL_NULL_CONVERSION = YES;
				CLANG_WARN_OBJC_LITERAL_CONVERSION = YES;
				CLANG_WARN_OBJC_ROOT_CLASS = YES_ERROR;
				CLANG_WARN_RANGE_LOOP_ANALYSIS = YES;
				CLANG_WARN_STRICT_PROTOTYPES = YES;
				CLANG_WARN_SUSPICIOUS_MOVE = YES;
				CLANG_WARN_UNGUARDED_AVAILABILITY = YES_AGGRESSIVE;
				CLANG_WARN_UNREACHABLE_CODE = YES;
				CLANG_WARN__DUPLICATE_METHOD_MATCH = YES;
				CODE_SIGN_IDENTITY = "iPhone Developer";
				COPY_PHASE_STRIP = NO;
				DEBUG_INFORMATION_FORMAT = "dwarf-with-dsym";
				ENABLE_NS_ASSERTIONS = NO;
				ENABLE_STRICT_OBJC_MSGSEND = YES;
				GCC_C_LANGUAGE_STANDARD = gnu11;
				GCC_NO_COMMON_BLOCKS = YES;
				GCC_WARN_64_TO_32_BIT_CONVERSION = YES;
				GCC_WARN_ABOUT_RETURN_TYPE = YES_ERROR;
				GCC_WARN_UNDECLARED_SELECTOR = YES;
				GCC_WARN_UNINITIALIZED_AUTOS = YES_AGGRESSIVE;
				GCC_WARN_UNUSED_FUNCTION = YES;
				GCC_WARN_UNUSED_VARIABLE = YES;
				IPHONEOS_DEPLOYMENT_TARGET = 11.2;
				MTL_ENABLE_DEBUG_INFO = NO;
				SDKROOT = iphoneos;
				SWIFT_OPTIMIZATION_LEVEL = "-Owholemodule";
				VALIDATE_PRODUCT = YES;
			};
			name = Release;
		};
		D32F814A20980F0C00E0FE7C /* Debug */ = {
			isa = XCBuildConfiguration;
			buildSettings = {
				ASSETCATALOG_COMPILER_APPICON_NAME = AppIcon;
				CODE_SIGN_STYLE = Automatic;
				DEVELOPMENT_TEAM = HV57YJ786B;
				INFOPLIST_FILE = "coder-swag/Info.plist";
				LD_RUNPATH_SEARCH_PATHS = "$(inherited) @executable_path/Frameworks";
				PRODUCT_BUNDLE_IDENTIFIER = "TailboardTech.coder-swag";
				PRODUCT_NAME = "$(TARGET_NAME)";
				SWIFT_VERSION = 4.0;
				TARGETED_DEVICE_FAMILY = "1,2";
			};
			name = Debug;
		};
		D32F814B20980F0C00E0FE7C /* Release */ = {
			isa = XCBuildConfiguration;
			buildSettings = {
				ASSETCATALOG_COMPILER_APPICON_NAME = AppIcon;
				CODE_SIGN_STYLE = Automatic;
				DEVELOPMENT_TEAM = HV57YJ786B;
				INFOPLIST_FILE = "coder-swag/Info.plist";
				LD_RUNPATH_SEARCH_PATHS = "$(inherited) @executable_path/Frameworks";
				PRODUCT_BUNDLE_IDENTIFIER = "TailboardTech.coder-swag";
				PRODUCT_NAME = "$(TARGET_NAME)";
				SWIFT_VERSION = 4.0;
				TARGETED_DEVICE_FAMILY = "1,2";
			};
			name = Release;
		};
/* End XCBuildConfiguration section */

/* Begin XCConfigurationList section */
		D32F813220980F0B00E0FE7C /* Build configuration list for PBXProject "coder-swag" */ = {
			isa = XCConfigurationList;
			buildConfigurations = (
				D32F814720980F0C00E0FE7C /* Debug */,
				D32F814820980F0C00E0FE7C /* Release */,
			);
			defaultConfigurationIsVisible = 0;
			defaultConfigurationName = Release;
		};
		D32F814920980F0C00E0FE7C /* Build configuration list for PBXNativeTarget "coder-swag" */ = {
			isa = XCConfigurationList;
			buildConfigurations = (
				D32F814A20980F0C00E0FE7C /* Debug */,
				D32F814B20980F0C00E0FE7C /* Release */,
			);
			defaultConfigurationIsVisible = 0;
			defaultConfigurationName = Release;
		};
/* End XCConfigurationList section */
	};
	rootObject = D32F812F20980F0B00E0FE7C /* Project object */;
}
